
Microsoft Visual Studio Solution File, Format Version 12.00
# Visual Studio Version 17
VisualStudioVersion = 17.11.35312.102
MinimumVisualStudioVersion = 10.0.40219.1
Project("{FAE04EC0-301F-11D3-BF4B-00C04F79EFBC}") = "hw-3-wind-form", "hw-3-wind-form\hw-3-wind-form.csproj", "{9EBDBE3B-8FF3-46D7-8AF6-AD1CBF656DB1}"
EndProject
Global
	GlobalSection(SolutionConfigurationPlatforms) = preSolution
		Debug|Any CPU = Debug|Any CPU
		Release|Any CPU = Release|Any CPU
	EndGlobalSection
	GlobalSection(ProjectConfigurationPlatforms) = postSolution
		{9EBDBE3B-8FF3-46D7-8AF6-AD1CBF656DB1}.Debug|Any CPU.ActiveCfg = Debug|Any CPU
		{9EBDBE3B-8FF3-46D7-8AF6-AD1CBF656DB1}.Debug|Any CPU.Build.0 = Debug|Any CPU
		{9EBDBE3B-8FF3-46D7-8AF6-AD1CBF656DB1}.Release|Any CPU.ActiveCfg = Release|Any CPU
		{9EBDBE3B-8FF3-46D7-8AF6-AD1CBF656DB1}.Release|Any CPU.Build.0 = Release|Any CPU
	EndGlobalSection
	GlobalSection(SolutionProperties) = preSolution
		HideSolutionNode = FALSE
	EndGlobalSection
	GlobalSection(ExtensibilityGlobals) = postSolution
		SolutionGuid = {917499C2-0D05-4B45-A74A-591B9B79E4A5}
	EndGlobalSection
EndGlobal
